
Microsoft Visual Studio Solution File, Format Version 12.00
# Visual Studio Version 16
VisualStudioVersion = 16.0.31321.278
MinimumVisualStudioVersion = 10.0.40219.1
Project("{FAE04EC0-301F-11D3-BF4B-00C04F79EFBC}") = "CarDealership.BLL", "CarDealership.BLL\CarDealership.BLL.csproj", "{B9EB8707-A402-40C0-91BA-08A8CFBDBB28}"
EndProject
Project("{FAE04EC0-301F-11D3-BF4B-00C04F79EFBC}") = "CarDealership.Test", "CarDealership.Test\CarDealership.Test.csproj", "{45BB851E-E4F8-4AE0-BE0D-701563AAC7D0}"
EndProject
Project("{FAE04EC0-301F-11D3-BF4B-00C04F79EFBC}") = "CarDealership.UI", "CarDealership.UI\CarDealership.UI.csproj", "{6FB833EC-8C66-4E73-A678-233A15873668}"
EndProject
Project("{FAE04EC0-301F-11D3-BF4B-00C04F79EFBC}") = "CarDealership.DAL", "CarsDealership.DAL\CarDealership.DAL.csproj", "{A99398A9-A027-49B9-B935-CC8E1867A96A}"
EndProject
Project("{FAE04EC0-301F-11D3-BF4B-00C04F79EFBC}") = "CarDealership.Models", "CarsDealership.Models\CarDealership.Models.csproj", "{7CD17222-DD21-45C8-ABF9-B26A84DEEE1E}"
EndProject
Global
	GlobalSection(SolutionConfigurationPlatforms) = preSolution
		Debug|Any CPU = Debug|Any CPU
		Release|Any CPU = Release|Any CPU
	EndGlobalSection
	GlobalSection(ProjectConfigurationPlatforms) = postSolution
		{B9EB8707-A402-40C0-91BA-08A8CFBDBB28}.Debug|Any CPU.ActiveCfg = Debug|Any CPU
		{B9EB8707-A402-40C0-91BA-08A8CFBDBB28}.Debug|Any CPU.Build.0 = Debug|Any CPU
		{B9EB8707-A402-40C0-91BA-08A8CFBDBB28}.Release|Any CPU.ActiveCfg = Release|Any CPU
		{B9EB8707-A402-40C0-91BA-08A8CFBDBB28}.Release|Any CPU.Build.0 = Release|Any CPU
		{45BB851E-E4F8-4AE0-BE0D-701563AAC7D0}.Debug|Any CPU.ActiveCfg = Debug|Any CPU
		{45BB851E-E4F8-4AE0-BE0D-701563AAC7D0}.Debug|Any CPU.Build.0 = Debug|Any CPU
		{45BB851E-E4F8-4AE0-BE0D-701563AAC7D0}.Release|Any CPU.ActiveCfg = Release|Any CPU
		{45BB851E-E4F8-4AE0-BE0D-701563AAC7D0}.Release|Any CPU.Build.0 = Release|Any CPU
		{6FB833EC-8C66-4E73-A678-233A15873668}.Debug|Any CPU.ActiveCfg = Debug|Any CPU
		{6FB833EC-8C66-4E73-A678-233A15873668}.Debug|Any CPU.Build.0 = Debug|Any CPU
		{6FB833EC-8C66-4E73-A678-233A15873668}.Release|Any CPU.ActiveCfg = Release|Any CPU
		{6FB833EC-8C66-4E73-A678-233A15873668}.Release|Any CPU.Build.0 = Release|Any CPU
		{A99398A9-A027-49B9-B935-CC8E1867A96A}.Debug|Any CPU.ActiveCfg = Debug|Any CPU
		{A99398A9-A027-49B9-B935-CC8E1867A96A}.Debug|Any CPU.Build.0 = Debug|Any CPU
		{A99398A9-A027-49B9-B935-CC8E1867A96A}.Release|Any CPU.ActiveCfg = Release|Any CPU
		{A99398A9-A027-49B9-B935-CC8E1867A96A}.Release|Any CPU.Build.0 = Release|Any CPU
		{7CD17222-DD21-45C8-ABF9-B26A84DEEE1E}.Debug|Any CPU.ActiveCfg = Debug|Any CPU
		{7CD17222-DD21-45C8-ABF9-B26A84DEEE1E}.Debug|Any CPU.Build.0 = Debug|Any CPU
		{7CD17222-DD21-45C8-ABF9-B26A84DEEE1E}.Release|Any CPU.ActiveCfg = Release|Any CPU
		{7CD17222-DD21-45C8-ABF9-B26A84DEEE1E}.Release|Any CPU.Build.0 = Release|Any CPU
	EndGlobalSection
	GlobalSection(SolutionProperties) = preSolution
		HideSolutionNode = FALSE
	EndGlobalSection
	GlobalSection(ExtensibilityGlobals) = postSolution
		SolutionGuid = {34C61BDE-AE59-41C4-86CC-DCEACDBE30D9}
	EndGlobalSection
EndGlobal
